
Microsoft Visual Studio Solution File, Format Version 12.00
# Visual Studio Version 16
VisualStudioVersion = 16.0.31624.102
MinimumVisualStudioVersion = 10.0.40219.1
Project("{FAE04EC0-301F-11D3-BF4B-00C04F79EFBC}") = "Polymorfizm", "Polymorfizm\Polymorfizm.csproj", "{D4B977D8-AF4A-473A-858A-9606FFD9F847}"
EndProject
Global
	GlobalSection(SolutionConfigurationPlatforms) = preSolution
		Debug|Any CPU = Debug|Any CPU
		Release|Any CPU = Release|Any CPU
	EndGlobalSection
	GlobalSection(ProjectConfigurationPlatforms) = postSolution
		{D4B977D8-AF4A-473A-858A-9606FFD9F847}.Debug|Any CPU.ActiveCfg = Debug|Any CPU
		{D4B977D8-AF4A-473A-858A-9606FFD9F847}.Debug|Any CPU.Build.0 = Debug|Any CPU
		{D4B977D8-AF4A-473A-858A-9606FFD9F847}.Release|Any CPU.ActiveCfg = Release|Any CPU
		{D4B977D8-AF4A-473A-858A-9606FFD9F847}.Release|Any CPU.Build.0 = Release|Any CPU
	EndGlobalSection
	GlobalSection(SolutionProperties) = preSolution
		HideSolutionNode = FALSE
	EndGlobalSection
	GlobalSection(ExtensibilityGlobals) = postSolution
		SolutionGuid = {7A0B9B29-9450-4CF2-A9C8-33D4B3AE56C3}
	EndGlobalSection
EndGlobal
